
Microsoft Visual Studio Solution File, Format Version 12.00
# Visual Studio Version 17
VisualStudioVersion = 17.4.33403.182
MinimumVisualStudioVersion = 10.0.40219.1
Project("{FAE04EC0-301F-11D3-BF4B-00C04F79EFBC}") = "Pacman", "Pacman.csproj", "{0E2D821B-A5A5-4CE8-97D6-C6D570EA87C7}"
EndProject
Global
	GlobalSection(SolutionConfigurationPlatforms) = preSolution
		Debug|Any CPU = Debug|Any CPU
		Release|Any CPU = Release|Any CPU
	EndGlobalSection
	GlobalSection(ProjectConfigurationPlatforms) = postSolution
		{0E2D821B-A5A5-4CE8-97D6-C6D570EA87C7}.Debug|Any CPU.ActiveCfg = Debug|Any CPU
		{0E2D821B-A5A5-4CE8-97D6-C6D570EA87C7}.Debug|Any CPU.Build.0 = Debug|Any CPU
		{0E2D821B-A5A5-4CE8-97D6-C6D570EA87C7}.Release|Any CPU.ActiveCfg = Release|Any CPU
		{0E2D821B-A5A5-4CE8-97D6-C6D570EA87C7}.Release|Any CPU.Build.0 = Release|Any CPU
	EndGlobalSection
	GlobalSection(SolutionProperties) = preSolution
		HideSolutionNode = FALSE
	EndGlobalSection
	GlobalSection(ExtensibilityGlobals) = postSolution
		SolutionGuid = {AEA7C750-646B-4110-9761-2B091C858605}
	EndGlobalSection
EndGlobal
